
Microsoft Visual Studio Solution File, Format Version 12.00
# Visual Studio Version 17
VisualStudioVersion = 17.1.32407.343
MinimumVisualStudioVersion = 10.0.40219.1
Project("{FAE04EC0-301F-11D3-BF4B-00C04F79EFBC}") = "BankEncapsulation", "BankEncapsulation\BankEncapsulation.csproj", "{AA36FC73-E30E-4FDC-9D60-70B0861427CC}"
EndProject
Global
	GlobalSection(SolutionConfigurationPlatforms) = preSolution
		Debug|Any CPU = Debug|Any CPU
		Release|Any CPU = Release|Any CPU
	EndGlobalSection
	GlobalSection(ProjectConfigurationPlatforms) = postSolution
		{AA36FC73-E30E-4FDC-9D60-70B0861427CC}.Debug|Any CPU.ActiveCfg = Debug|Any CPU
		{AA36FC73-E30E-4FDC-9D60-70B0861427CC}.Debug|Any CPU.Build.0 = Debug|Any CPU
		{AA36FC73-E30E-4FDC-9D60-70B0861427CC}.Release|Any CPU.ActiveCfg = Release|Any CPU
		{AA36FC73-E30E-4FDC-9D60-70B0861427CC}.Release|Any CPU.Build.0 = Release|Any CPU
	EndGlobalSection
	GlobalSection(SolutionProperties) = preSolution
		HideSolutionNode = FALSE
	EndGlobalSection
	GlobalSection(ExtensibilityGlobals) = postSolution
		SolutionGuid = {F1D0F464-1A06-41EA-99FF-E71CBC71325F}
	EndGlobalSection
EndGlobal
